# THIS IS AN AUTOGENERATED FILE. DO NOT EDIT THIS FILE DIRECTLY.
# yarn lockfile v1
app-storage:
  version "0.0.1"
  resolved "https://registry.yarnpkg.com/app-storage/-/app-storage-0.0.1.tgz#5a89efa5cf5222ef9a7982f2530d1a97f0b7739b"

polymer-redux:
  version "0.3.0"
  resolved "https://registry.yarnpkg.com/polymer-redux/-/polymer-redux-0.3.0.tgz#d2768712ec008665e1e11386cf96faf8615ac3de"

